
Microsoft Visual Studio Solution File, Format Version 12.00
# Visual Studio 15
VisualStudioVersion = 15.0.28307.106
MinimumVisualStudioVersion = 10.0.40219.1
Project("{8BC9CEB8-8B4A-11D0-8D11-00A0C91BC942}") = "socket_1", "socket_1\socket_1.vcxproj", "{BC3989AE-4B95-4D69-8EF5-427FFF57B9B6}"
EndProject
Project("{8BC9CEB8-8B4A-11D0-8D11-00A0C91BC942}") = "Server", "Server\Server.vcxproj", "{1CD4402A-2EA4-455E-B3A0-20C441245055}"
EndProject
Project("{8BC9CEB8-8B4A-11D0-8D11-00A0C91BC942}") = "Client", "Client\Client.vcxproj", "{FBB695D5-D075-45D9-8AA5-46E88292B4EC}"
EndProject
Global
	GlobalSection(SolutionConfigurationPlatforms) = preSolution
		Debug|x64 = Debug|x64
		Debug|x86 = Debug|x86
		Release|x64 = Release|x64
		Release|x86 = Release|x86
	EndGlobalSection
	GlobalSection(ProjectConfigurationPlatforms) = postSolution
		{BC3989AE-4B95-4D69-8EF5-427FFF57B9B6}.Debug|x64.ActiveCfg = Debug|x64
		{BC3989AE-4B95-4D69-8EF5-427FFF57B9B6}.Debug|x64.Build.0 = Debug|x64
		{BC3989AE-4B95-4D69-8EF5-427FFF57B9B6}.Debug|x86.ActiveCfg = Debug|Win32
		{BC3989AE-4B95-4D69-8EF5-427FFF57B9B6}.Debug|x86.Build.0 = Debug|Win32
		{BC3989AE-4B95-4D69-8EF5-427FFF57B9B6}.Release|x64.ActiveCfg = Release|x64
		{BC3989AE-4B95-4D69-8EF5-427FFF57B9B6}.Release|x64.Build.0 = Release|x64
		{BC3989AE-4B95-4D69-8EF5-427FFF57B9B6}.Release|x86.ActiveCfg = Release|Win32
		{BC3989AE-4B95-4D69-8EF5-427FFF57B9B6}.Release|x86.Build.0 = Release|Win32
		{1CD4402A-2EA4-455E-B3A0-20C441245055}.Debug|x64.ActiveCfg = Debug|x64
		{1CD4402A-2EA4-455E-B3A0-20C441245055}.Debug|x64.Build.0 = Debug|x64
		{1CD4402A-2EA4-455E-B3A0-20C441245055}.Debug|x86.ActiveCfg = Debug|Win32
		{1CD4402A-2EA4-455E-B3A0-20C441245055}.Debug|x86.Build.0 = Debug|Win32
		{1CD4402A-2EA4-455E-B3A0-20C441245055}.Release|x64.ActiveCfg = Release|x64
		{1CD4402A-2EA4-455E-B3A0-20C441245055}.Release|x64.Build.0 = Release|x64
		{1CD4402A-2EA4-455E-B3A0-20C441245055}.Release|x86.ActiveCfg = Release|Win32
		{1CD4402A-2EA4-455E-B3A0-20C441245055}.Release|x86.Build.0 = Release|Win32
		{FBB695D5-D075-45D9-8AA5-46E88292B4EC}.Debug|x64.ActiveCfg = Debug|x64
		{FBB695D5-D075-45D9-8AA5-46E88292B4EC}.Debug|x64.Build.0 = Debug|x64
		{FBB695D5-D075-45D9-8AA5-46E88292B4EC}.Debug|x86.ActiveCfg = Debug|Win32
		{FBB695D5-D075-45D9-8AA5-46E88292B4EC}.Debug|x86.Build.0 = Debug|Win32
		{FBB695D5-D075-45D9-8AA5-46E88292B4EC}.Release|x64.ActiveCfg = Release|x64
		{FBB695D5-D075-45D9-8AA5-46E88292B4EC}.Release|x64.Build.0 = Release|x64
		{FBB695D5-D075-45D9-8AA5-46E88292B4EC}.Release|x86.ActiveCfg = Release|Win32
		{FBB695D5-D075-45D9-8AA5-46E88292B4EC}.Release|x86.Build.0 = Release|Win32
	EndGlobalSection
	GlobalSection(SolutionProperties) = preSolution
		HideSolutionNode = FALSE
	EndGlobalSection
	GlobalSection(ExtensibilityGlobals) = postSolution
		SolutionGuid = {8281E95B-0D5D-432F-80AD-9DB1B28C1308}
	EndGlobalSection
EndGlobal
